
Microsoft Visual Studio Solution File, Format Version 12.00
# Visual Studio 15
VisualStudioVersion = 15.0.28307.1259
MinimumVisualStudioVersion = 10.0.40219.1
Project("{8BC9CEB8-8B4A-11D0-8D11-00A0C91BC942}") = "Messagerie", "Messagerie\Messagerie.vcxproj", "{BD721E6E-06B7-4B3C-865B-753503343FCE}"
EndProject
Global
	GlobalSection(SolutionConfigurationPlatforms) = preSolution
		Debug|x64 = Debug|x64
		Release|x64 = Release|x64
	EndGlobalSection
	GlobalSection(ProjectConfigurationPlatforms) = postSolution
		{BD721E6E-06B7-4B3C-865B-753503343FCE}.Debug|x64.ActiveCfg = Debug|x64
		{BD721E6E-06B7-4B3C-865B-753503343FCE}.Debug|x64.Build.0 = Debug|x64
		{BD721E6E-06B7-4B3C-865B-753503343FCE}.Release|x64.ActiveCfg = Release|x64
		{BD721E6E-06B7-4B3C-865B-753503343FCE}.Release|x64.Build.0 = Release|x64
	EndGlobalSection
	GlobalSection(SolutionProperties) = preSolution
		HideSolutionNode = FALSE
	EndGlobalSection
	GlobalSection(ExtensibilityGlobals) = postSolution
		SolutionGuid = {6692EE1D-BCEB-4E8B-9BD3-0EC1062ABD49}
	EndGlobalSection
EndGlobal
